
Microsoft Visual Studio Solution File, Format Version 12.00
# Visual Studio Version 16
VisualStudioVersion = 16.0.30523.141
MinimumVisualStudioVersion = 10.0.40219.1
Project("{8BC9CEB8-8B4A-11D0-8D11-00A0C91BC942}") = "LabaCode", "LabaCode\LabaCode.vcxproj", "{7166B23F-789A-46D2-8FB4-9AFD73D2A6AE}"
EndProject
Global
	GlobalSection(SolutionConfigurationPlatforms) = preSolution
		Debug|x64 = Debug|x64
		Debug|x86 = Debug|x86
		Release|x64 = Release|x64
		Release|x86 = Release|x86
	EndGlobalSection
	GlobalSection(ProjectConfigurationPlatforms) = postSolution
		{7166B23F-789A-46D2-8FB4-9AFD73D2A6AE}.Debug|x64.ActiveCfg = Debug|x64
		{7166B23F-789A-46D2-8FB4-9AFD73D2A6AE}.Debug|x64.Build.0 = Debug|x64
		{7166B23F-789A-46D2-8FB4-9AFD73D2A6AE}.Debug|x86.ActiveCfg = Debug|Win32
		{7166B23F-789A-46D2-8FB4-9AFD73D2A6AE}.Debug|x86.Build.0 = Debug|Win32
		{7166B23F-789A-46D2-8FB4-9AFD73D2A6AE}.Release|x64.ActiveCfg = Release|x64
		{7166B23F-789A-46D2-8FB4-9AFD73D2A6AE}.Release|x64.Build.0 = Release|x64
		{7166B23F-789A-46D2-8FB4-9AFD73D2A6AE}.Release|x86.ActiveCfg = Release|Win32
		{7166B23F-789A-46D2-8FB4-9AFD73D2A6AE}.Release|x86.Build.0 = Release|Win32
	EndGlobalSection
	GlobalSection(SolutionProperties) = preSolution
		HideSolutionNode = FALSE
	EndGlobalSection
	GlobalSection(ExtensibilityGlobals) = postSolution
		SolutionGuid = {47196269-925A-43BF-AAF4-886CAAB28EBE}
	EndGlobalSection
EndGlobal
